
Microsoft Visual Studio Solution File, Format Version 12.00
# Visual Studio Version 16
VisualStudioVersion = 16.0.29905.134
MinimumVisualStudioVersion = 10.0.40219.1
Project("{2150E333-8FDC-42A3-9474-1A3956D46DE8}") = "UnitTest", "UnitTest", "{B8E027C3-7AB2-4652-B4E2-B0C364255E9D}"
EndProject
Project("{2150E333-8FDC-42A3-9474-1A3956D46DE8}") = "Src", "Src", "{09588A3B-DE4C-43DC-AE44-F27D920EE0FA}"
EndProject
Project("{2150E333-8FDC-42A3-9474-1A3956D46DE8}") = "0_Application", "0_Application", "{9BBFE9FD-473B-486C-9DA7-C3A66EC86605}"
EndProject
Project("{9A19103F-16F7-4668-BE54-9A1E7A4F7556}") = "Dotin.HostApi", "Dotin.HostApi\Dotin.HostApi.csproj", "{68BF7EDD-D3F4-410D-A288-943231D7631C}"
EndProject
Project("{9A19103F-16F7-4668-BE54-9A1E7A4F7556}") = "IdentityUnitTest", "IdentityUnitTest\IdentityUnitTest.csproj", "{839FF859-AD2F-4589-81EC-30075CF64BBE}"
EndProject
Project("{2150E333-8FDC-42A3-9474-1A3956D46DE8}") = "1_Domain", "1_Domain", "{F945D1B9-EC24-46A4-B078-7A3342B12DA9}"
EndProject
Project("{2150E333-8FDC-42A3-9474-1A3956D46DE8}") = "2_DataAccess", "2_DataAccess", "{946476C0-8BF6-47F9-90F7-31FF36E9800E}"
EndProject
Project("{9A19103F-16F7-4668-BE54-9A1E7A4F7556}") = "Dotin.Domain.Impl", "Dotin.Domain.Impl\Dotin.Domain.Impl.csproj", "{2BB60BFD-866F-491F-935B-27FFC1659EBF}"
EndProject
Project("{9A19103F-16F7-4668-BE54-9A1E7A4F7556}") = "Dotin.Domain.Model", "Dotin.Domain.Model\Dotin.Domain.Model.csproj", "{63379425-4A6F-4744-83C4-421A82CA86A7}"
EndProject
Project("{2150E333-8FDC-42A3-9474-1A3956D46DE8}") = "3_Share", "3_Share", "{9592AD1A-5B77-4AD8-AEB5-BAA28C42C719}"
EndProject
Project("{9A19103F-16F7-4668-BE54-9A1E7A4F7556}") = "Dotin.Domain.Interface", "Dotin.Domain.Interface\Dotin.Domain.Interface.csproj", "{46775484-D748-4833-8848-8BA28D39B970}"
EndProject
Project("{9A19103F-16F7-4668-BE54-9A1E7A4F7556}") = "Dotin.Share", "Dotin.Share\Dotin.Share.csproj", "{900383F4-DD95-457E-9E16-AB0485AD6FD8}"
EndProject
Project("{9A19103F-16F7-4668-BE54-9A1E7A4F7556}") = "Dotin.DataAccess.Interface", "Dotin.DataAccess.Interface\Dotin.DataAccess.Interface.csproj", "{DED15399-AAB3-4CE8-A553-4F5F8434943A}"
EndProject
Project("{9A19103F-16F7-4668-BE54-9A1E7A4F7556}") = "Dotin.DataAccess.EfImpl", "Dotin.DataAccess.EfImpl\Dotin.DataAccess.EfImpl.csproj", "{C56BF9E0-E7CD-46BB-BEB3-CBC36F74346A}"
EndProject
Project("{9A19103F-16F7-4668-BE54-9A1E7A4F7556}") = "Dotin.Infrastructure", "Dotin.Infrastructure\Dotin.Infrastructure.csproj", "{12C802DF-8888-4486-9C66-310DEBFA7BDF}"
EndProject
Global
	GlobalSection(SolutionConfigurationPlatforms) = preSolution
		Debug|Any CPU = Debug|Any CPU
		Release|Any CPU = Release|Any CPU
	EndGlobalSection
	GlobalSection(ProjectConfigurationPlatforms) = postSolution
		{68BF7EDD-D3F4-410D-A288-943231D7631C}.Debug|Any CPU.ActiveCfg = Debug|Any CPU
		{68BF7EDD-D3F4-410D-A288-943231D7631C}.Debug|Any CPU.Build.0 = Debug|Any CPU
		{68BF7EDD-D3F4-410D-A288-943231D7631C}.Release|Any CPU.ActiveCfg = Release|Any CPU
		{68BF7EDD-D3F4-410D-A288-943231D7631C}.Release|Any CPU.Build.0 = Release|Any CPU
		{839FF859-AD2F-4589-81EC-30075CF64BBE}.Debug|Any CPU.ActiveCfg = Debug|Any CPU
		{839FF859-AD2F-4589-81EC-30075CF64BBE}.Debug|Any CPU.Build.0 = Debug|Any CPU
		{839FF859-AD2F-4589-81EC-30075CF64BBE}.Release|Any CPU.ActiveCfg = Release|Any CPU
		{839FF859-AD2F-4589-81EC-30075CF64BBE}.Release|Any CPU.Build.0 = Release|Any CPU
		{2BB60BFD-866F-491F-935B-27FFC1659EBF}.Debug|Any CPU.ActiveCfg = Debug|Any CPU
		{2BB60BFD-866F-491F-935B-27FFC1659EBF}.Debug|Any CPU.Build.0 = Debug|Any CPU
		{2BB60BFD-866F-491F-935B-27FFC1659EBF}.Release|Any CPU.ActiveCfg = Release|Any CPU
		{2BB60BFD-866F-491F-935B-27FFC1659EBF}.Release|Any CPU.Build.0 = Release|Any CPU
		{63379425-4A6F-4744-83C4-421A82CA86A7}.Debug|Any CPU.ActiveCfg = Debug|Any CPU
		{63379425-4A6F-4744-83C4-421A82CA86A7}.Debug|Any CPU.Build.0 = Debug|Any CPU
		{63379425-4A6F-4744-83C4-421A82CA86A7}.Release|Any CPU.ActiveCfg = Release|Any CPU
		{63379425-4A6F-4744-83C4-421A82CA86A7}.Release|Any CPU.Build.0 = Release|Any CPU
		{46775484-D748-4833-8848-8BA28D39B970}.Debug|Any CPU.ActiveCfg = Debug|Any CPU
		{46775484-D748-4833-8848-8BA28D39B970}.Debug|Any CPU.Build.0 = Debug|Any CPU
		{46775484-D748-4833-8848-8BA28D39B970}.Release|Any CPU.ActiveCfg = Release|Any CPU
		{46775484-D748-4833-8848-8BA28D39B970}.Release|Any CPU.Build.0 = Release|Any CPU
		{900383F4-DD95-457E-9E16-AB0485AD6FD8}.Debug|Any CPU.ActiveCfg = Debug|Any CPU
		{900383F4-DD95-457E-9E16-AB0485AD6FD8}.Debug|Any CPU.Build.0 = Debug|Any CPU
		{900383F4-DD95-457E-9E16-AB0485AD6FD8}.Release|Any CPU.ActiveCfg = Release|Any CPU
		{900383F4-DD95-457E-9E16-AB0485AD6FD8}.Release|Any CPU.Build.0 = Release|Any CPU
		{DED15399-AAB3-4CE8-A553-4F5F8434943A}.Debug|Any CPU.ActiveCfg = Debug|Any CPU
		{DED15399-AAB3-4CE8-A553-4F5F8434943A}.Debug|Any CPU.Build.0 = Debug|Any CPU
		{DED15399-AAB3-4CE8-A553-4F5F8434943A}.Release|Any CPU.ActiveCfg = Release|Any CPU
		{DED15399-AAB3-4CE8-A553-4F5F8434943A}.Release|Any CPU.Build.0 = Release|Any CPU
		{C56BF9E0-E7CD-46BB-BEB3-CBC36F74346A}.Debug|Any CPU.ActiveCfg = Debug|Any CPU
		{C56BF9E0-E7CD-46BB-BEB3-CBC36F74346A}.Debug|Any CPU.Build.0 = Debug|Any CPU
		{C56BF9E0-E7CD-46BB-BEB3-CBC36F74346A}.Release|Any CPU.ActiveCfg = Release|Any CPU
		{C56BF9E0-E7CD-46BB-BEB3-CBC36F74346A}.Release|Any CPU.Build.0 = Release|Any CPU
		{12C802DF-8888-4486-9C66-310DEBFA7BDF}.Debug|Any CPU.ActiveCfg = Debug|Any CPU
		{12C802DF-8888-4486-9C66-310DEBFA7BDF}.Debug|Any CPU.Build.0 = Debug|Any CPU
		{12C802DF-8888-4486-9C66-310DEBFA7BDF}.Release|Any CPU.ActiveCfg = Release|Any CPU
		{12C802DF-8888-4486-9C66-310DEBFA7BDF}.Release|Any CPU.Build.0 = Release|Any CPU
	EndGlobalSection
	GlobalSection(SolutionProperties) = preSolution
		HideSolutionNode = FALSE
	EndGlobalSection
	GlobalSection(NestedProjects) = preSolution
		{9BBFE9FD-473B-486C-9DA7-C3A66EC86605} = {09588A3B-DE4C-43DC-AE44-F27D920EE0FA}
		{68BF7EDD-D3F4-410D-A288-943231D7631C} = {9BBFE9FD-473B-486C-9DA7-C3A66EC86605}
		{839FF859-AD2F-4589-81EC-30075CF64BBE} = {B8E027C3-7AB2-4652-B4E2-B0C364255E9D}
		{F945D1B9-EC24-46A4-B078-7A3342B12DA9} = {09588A3B-DE4C-43DC-AE44-F27D920EE0FA}
		{946476C0-8BF6-47F9-90F7-31FF36E9800E} = {09588A3B-DE4C-43DC-AE44-F27D920EE0FA}
		{2BB60BFD-866F-491F-935B-27FFC1659EBF} = {F945D1B9-EC24-46A4-B078-7A3342B12DA9}
		{63379425-4A6F-4744-83C4-421A82CA86A7} = {F945D1B9-EC24-46A4-B078-7A3342B12DA9}
		{9592AD1A-5B77-4AD8-AEB5-BAA28C42C719} = {09588A3B-DE4C-43DC-AE44-F27D920EE0FA}
		{46775484-D748-4833-8848-8BA28D39B970} = {F945D1B9-EC24-46A4-B078-7A3342B12DA9}
		{900383F4-DD95-457E-9E16-AB0485AD6FD8} = {9592AD1A-5B77-4AD8-AEB5-BAA28C42C719}
		{DED15399-AAB3-4CE8-A553-4F5F8434943A} = {946476C0-8BF6-47F9-90F7-31FF36E9800E}
		{C56BF9E0-E7CD-46BB-BEB3-CBC36F74346A} = {946476C0-8BF6-47F9-90F7-31FF36E9800E}
		{12C802DF-8888-4486-9C66-310DEBFA7BDF} = {9592AD1A-5B77-4AD8-AEB5-BAA28C42C719}
	EndGlobalSection
	GlobalSection(ExtensibilityGlobals) = postSolution
		SolutionGuid = {6E68A59D-FB9D-4B7A-B65B-2B00A156177F}
	EndGlobalSection
EndGlobal
